
Microsoft Visual Studio Solution File, Format Version 12.00
# Visual Studio Version 16
VisualStudioVersion = 16.0.31313.79
MinimumVisualStudioVersion = 10.0.40219.1
Project("{9A19103F-16F7-4668-BE54-9A1E7A4F7556}") = "SynapseSqlServerlessCsvSchemaValidator", "SynapseSqlServerlessCsvSchemaValidator.csproj", "{4F1E4EFE-BA3B-405F-93BE-58C2F2C4A47E}"
EndProject
Global
	GlobalSection(SolutionConfigurationPlatforms) = preSolution
		Debug|Any CPU = Debug|Any CPU
		Release|Any CPU = Release|Any CPU
	EndGlobalSection
	GlobalSection(ProjectConfigurationPlatforms) = postSolution
		{4F1E4EFE-BA3B-405F-93BE-58C2F2C4A47E}.Debug|Any CPU.ActiveCfg = Debug|Any CPU
		{4F1E4EFE-BA3B-405F-93BE-58C2F2C4A47E}.Debug|Any CPU.Build.0 = Debug|Any CPU
		{4F1E4EFE-BA3B-405F-93BE-58C2F2C4A47E}.Release|Any CPU.ActiveCfg = Release|Any CPU
		{4F1E4EFE-BA3B-405F-93BE-58C2F2C4A47E}.Release|Any CPU.Build.0 = Release|Any CPU
	EndGlobalSection
	GlobalSection(SolutionProperties) = preSolution
		HideSolutionNode = FALSE
	EndGlobalSection
	GlobalSection(ExtensibilityGlobals) = postSolution
		SolutionGuid = {CEB01A61-B942-474A-A771-957484CC38BF}
	EndGlobalSection
EndGlobal
